// !$*UTF8*$!
{
	archiveVersion = 1;
	classes = {
	};
	objectVersion = 56;
	objects = {

/* Begin PBXBuildFile section */
		4F02C3DC2E03052600594AC4 /* spotifyCloneApp.swift in Sources */ = {isa = PBXBuildFile; fileRef = 4F02C3DB2E03052600594AC4 /* spotifyCloneApp.swift */; };
		4F02C3E02E03053000594AC4 /* Assets.xcassets in Resources */ = {isa = PBXBuildFile; fileRef = 4F02C3DF2E03053000594AC4 /* Assets.xcassets */; };
		4F02C3E32E03053000594AC4 /* Preview Assets.xcassets in Resources */ = {isa = PBXBuildFile; fileRef = 4F02C3E22E03053000594AC4 /* Preview Assets.xcassets */; };
		4F02C3ED2E03053100594AC4 /* spotifyCloneTests.swift in Sources */ = {isa = PBXBuildFile; fileRef = 4F02C3EC2E03053100594AC4 /* spotifyCloneTests.swift */; };
		4F02C3F72E03053100594AC4 /* spotifyCloneUITests.swift in Sources */ = {isa = PBXBuildFile; fileRef = 4F02C3F62E03053100594AC4 /* spotifyCloneUITests.swift */; };
		4F02C3F92E03053100594AC4 /* spotifyCloneUITestsLaunchTests.swift in Sources */ = {isa = PBXBuildFile; fileRef = 4F02C3F82E03053100594AC4 /* spotifyCloneUITestsLaunchTests.swift */; };
		4F1537782E13A3DD00902ABD /* spotify-logo-png-spotify-music-app-icon-1024.jpg in Resources */ = {isa = PBXBuildFile; fileRef = 4F1537772E13A3DC00902ABD /* spotify-logo-png-spotify-music-app-icon-1024.jpg */; };
		4F42D9CA2E1197970081F4AA /* LoggerService.swift in Sources */ = {isa = PBXBuildFile; fileRef = 4F42D9C92E1197970081F4AA /* LoggerService.swift */; };
		4F42D9CD2E119D750081F4AA /* ConsoleLogger.swift in Sources */ = {isa = PBXBuildFile; fileRef = 4F42D9CC2E119D750081F4AA /* ConsoleLogger.swift */; };
		4F42D9CF2E119D910081F4AA /* LoggerEnvironment.swift in Sources */ = {isa = PBXBuildFile; fileRef = 4F42D9CE2E119D910081F4AA /* LoggerEnvironment.swift */; };
		4F42D9D42E137A130081F4AA /* AppDelegate.swift in Sources */ = {isa = PBXBuildFile; fileRef = 4F42D9D32E137A130081F4AA /* AppDelegate.swift */; };
		4F42D9D62E137A290081F4AA /* SceneDelegate.swift in Sources */ = {isa = PBXBuildFile; fileRef = 4F42D9D52E137A290081F4AA /* SceneDelegate.swift */; };
		4F42D9DC2E137D620081F4AA /* HomeView.swift in Sources */ = {isa = PBXBuildFile; fileRef = 4F42D9DB2E137D620081F4AA /* HomeView.swift */; };
		4F42D9DE2E1399F20081F4AA /* iconlogo.png in Resources */ = {isa = PBXBuildFile; fileRef = 4F42D9DD2E1399F10081F4AA /* iconlogo.png */; };
		4F6B5EE02E14C3BF00DA6534 /* HomeViewModel.swift in Sources */ = {isa = PBXBuildFile; fileRef = 4F6B5EDF2E14C3BF00DA6534 /* HomeViewModel.swift */; };
		4F93C37C2E2476520007FCD5 /* AppCoordinator.swift in Sources */ = {isa = PBXBuildFile; fileRef = 4F93C37B2E2476520007FCD5 /* AppCoordinator.swift */; };
		4F93C37E2E2476740007FCD5 /* CoordinatorProtocol.swift in Sources */ = {isa = PBXBuildFile; fileRef = 4F93C37D2E2476740007FCD5 /* CoordinatorProtocol.swift */; };
		4FBC9FD42E2202CB006D11EA /* Song.swift in Sources */ = {isa = PBXBuildFile; fileRef = 4FBC9FD32E2202CB006D11EA /* Song.swift */; };
		4FBC9FD62E2202F0006D11EA /* SongRepositoryImpl.swift in Sources */ = {isa = PBXBuildFile; fileRef = 4FBC9FD52E2202F0006D11EA /* SongRepositoryImpl.swift */; };
		4FBC9FD92E220407006D11EA /* FetchSongsUseCase.swift in Sources */ = {isa = PBXBuildFile; fileRef = 4FBC9FD82E220407006D11EA /* FetchSongsUseCase.swift */; };
		4FBC9FDC2E220982006D11EA /* SongRepository.swift in Sources */ = {isa = PBXBuildFile; fileRef = 4FBC9FDB2E220982006D11EA /* SongRepository.swift */; };
/* End PBXBuildFile section */

/* Begin PBXContainerItemProxy section */
		4F02C3E92E03053100594AC4 /* PBXContainerItemProxy */ = {
			isa = PBXContainerItemProxy;
			containerPortal = 4F02C3D02E03052600594AC4 /* Project object */;
			proxyType = 1;
			remoteGlobalIDString = 4F02C3D72E03052600594AC4;
			remoteInfo = spotifyClone;
		};
		4F02C3F32E03053100594AC4 /* PBXContainerItemProxy */ = {
			isa = PBXContainerItemProxy;
			containerPortal = 4F02C3D02E03052600594AC4 /* Project object */;
			proxyType = 1;
			remoteGlobalIDString = 4F02C3D72E03052600594AC4;
			remoteInfo = spotifyClone;
		};
/* End PBXContainerItemProxy section */

/* Begin PBXFileReference section */
		4F02C3D82E03052600594AC4 /* Spotify Clone.app */ = {isa = PBXFileReference; explicitFileType = wrapper.application; includeInIndex = 0; path = "Spotify Clone.app"; sourceTree = BUILT_PRODUCTS_DIR; };
		4F02C3DB2E03052600594AC4 /* spotifyCloneApp.swift */ = {isa = PBXFileReference; lastKnownFileType = sourcecode.swift; path = spotifyCloneApp.swift; sourceTree = "<group>"; };
		4F02C3DF2E03053000594AC4 /* Assets.xcassets */ = {isa = PBXFileReference; lastKnownFileType = folder.assetcatalog; path = Assets.xcassets; sourceTree = "<group>"; };
		4F02C3E22E03053000594AC4 /* Preview Assets.xcassets */ = {isa = PBXFileReference; lastKnownFileType = folder.assetcatalog; path = "Preview Assets.xcassets"; sourceTree = "<group>"; };
		4F02C3E82E03053100594AC4 /* spotifyCloneTests.xctest */ = {isa = PBXFileReference; explicitFileType = wrapper.cfbundle; includeInIndex = 0; path = spotifyCloneTests.xctest; sourceTree = BUILT_PRODUCTS_DIR; };
		4F02C3EC2E03053100594AC4 /* spotifyCloneTests.swift */ = {isa = PBXFileReference; lastKnownFileType = sourcecode.swift; path = spotifyCloneTests.swift; sourceTree = "<group>"; };
		4F02C3F22E03053100594AC4 /* spotifyCloneUITests.xctest */ = {isa = PBXFileReference; explicitFileType = wrapper.cfbundle; includeInIndex = 0; path = spotifyCloneUITests.xctest; sourceTree = BUILT_PRODUCTS_DIR; };
		4F02C3F62E03053100594AC4 /* spotifyCloneUITests.swift */ = {isa = PBXFileReference; lastKnownFileType = sourcecode.swift; path = spotifyCloneUITests.swift; sourceTree = "<group>"; };
		4F02C3F82E03053100594AC4 /* spotifyCloneUITestsLaunchTests.swift */ = {isa = PBXFileReference; lastKnownFileType = sourcecode.swift; path = spotifyCloneUITestsLaunchTests.swift; sourceTree = "<group>"; };
		4F1537772E13A3DC00902ABD /* spotify-logo-png-spotify-music-app-icon-1024.jpg */ = {isa = PBXFileReference; lastKnownFileType = image.jpeg; name = "spotify-logo-png-spotify-music-app-icon-1024.jpg"; path = "../../../../../../../Downloads/spotify-logo-png-spotify-music-app-icon-1024.jpg"; sourceTree = "<group>"; };
		4F42D9C92E1197970081F4AA /* LoggerService.swift */ = {isa = PBXFileReference; lastKnownFileType = sourcecode.swift; path = LoggerService.swift; sourceTree = "<group>"; };
		4F42D9CC2E119D750081F4AA /* ConsoleLogger.swift */ = {isa = PBXFileReference; lastKnownFileType = sourcecode.swift; path = ConsoleLogger.swift; sourceTree = "<group>"; };
		4F42D9CE2E119D910081F4AA /* LoggerEnvironment.swift */ = {isa = PBXFileReference; lastKnownFileType = sourcecode.swift; path = LoggerEnvironment.swift; sourceTree = "<group>"; };
		4F42D9D32E137A130081F4AA /* AppDelegate.swift */ = {isa = PBXFileReference; lastKnownFileType = sourcecode.swift; path = AppDelegate.swift; sourceTree = "<group>"; };
		4F42D9D52E137A290081F4AA /* SceneDelegate.swift */ = {isa = PBXFileReference; lastKnownFileType = sourcecode.swift; path = SceneDelegate.swift; sourceTree = "<group>"; };
		4F42D9DB2E137D620081F4AA /* HomeView.swift */ = {isa = PBXFileReference; lastKnownFileType = sourcecode.swift; path = HomeView.swift; sourceTree = "<group>"; };
		4F42D9DD2E1399F10081F4AA /* iconlogo.png */ = {isa = PBXFileReference; lastKnownFileType = image.png; name = iconlogo.png; path = ../../../../../../../Downloads/iconlogo.png; sourceTree = "<group>"; };
		4F6B5EDF2E14C3BF00DA6534 /* HomeViewModel.swift */ = {isa = PBXFileReference; lastKnownFileType = sourcecode.swift; path = HomeViewModel.swift; sourceTree = "<group>"; };
		4F93C37B2E2476520007FCD5 /* AppCoordinator.swift */ = {isa = PBXFileReference; lastKnownFileType = sourcecode.swift; path = AppCoordinator.swift; sourceTree = "<group>"; };
		4F93C37D2E2476740007FCD5 /* CoordinatorProtocol.swift */ = {isa = PBXFileReference; lastKnownFileType = sourcecode.swift; path = CoordinatorProtocol.swift; sourceTree = "<group>"; };
		4FBC9FD32E2202CB006D11EA /* Song.swift */ = {isa = PBXFileReference; lastKnownFileType = sourcecode.swift; path = Song.swift; sourceTree = "<group>"; };
		4FBC9FD52E2202F0006D11EA /* SongRepositoryImpl.swift */ = {isa = PBXFileReference; lastKnownFileType = sourcecode.swift; path = SongRepositoryImpl.swift; sourceTree = "<group>"; };
		4FBC9FD82E220407006D11EA /* FetchSongsUseCase.swift */ = {isa = PBXFileReference; lastKnownFileType = sourcecode.swift; path = FetchSongsUseCase.swift; sourceTree = "<group>"; };
		4FBC9FDB2E220982006D11EA /* SongRepository.swift */ = {isa = PBXFileReference; lastKnownFileType = sourcecode.swift; path = SongRepository.swift; sourceTree = "<group>"; };
/* End PBXFileReference section */

/* Begin PBXFrameworksBuildPhase section */
		4F02C3D52E03052600594AC4 /* Frameworks */ = {
			isa = PBXFrameworksBuildPhase;
			buildActionMask = 2147483647;
			files = (
			);
			runOnlyForDeploymentPostprocessing = 0;
		};
		4F02C3E52E03053100594AC4 /* Frameworks */ = {
			isa = PBXFrameworksBuildPhase;
			buildActionMask = 2147483647;
			files = (
			);
			runOnlyForDeploymentPostprocessing = 0;
		};
		4F02C3EF2E03053100594AC4 /* Frameworks */ = {
			isa = PBXFrameworksBuildPhase;
			buildActionMask = 2147483647;
			files = (
			);
			runOnlyForDeploymentPostprocessing = 0;
		};
/* End PBXFrameworksBuildPhase section */

/* Begin PBXGroup section */
		4F02C3CF2E03052600594AC4 = {
			isa = PBXGroup;
			children = (
				4F02C3DA2E03052600594AC4 /* spotifyClone */,
				4F02C3EB2E03053100594AC4 /* spotifyCloneTests */,
				4F02C3F52E03053100594AC4 /* spotifyCloneUITests */,
				4F02C3D92E03052600594AC4 /* Products */,
			);
			sourceTree = "<group>";
		};
		4F02C3D92E03052600594AC4 /* Products */ = {
			isa = PBXGroup;
			children = (
				4F02C3D82E03052600594AC4 /* Spotify Clone.app */,
				4F02C3E82E03053100594AC4 /* spotifyCloneTests.xctest */,
				4F02C3F22E03053100594AC4 /* spotifyCloneUITests.xctest */,
			);
			name = Products;
			sourceTree = "<group>";
		};
		4F02C3DA2E03052600594AC4 /* spotifyClone */ = {
			isa = PBXGroup;
			children = (
				4F42D9C22E1195590081F4AA /* Sources */,
				4F02C3DF2E03053000594AC4 /* Assets.xcassets */,
				4F1537772E13A3DC00902ABD /* spotify-logo-png-spotify-music-app-icon-1024.jpg */,
				4F42D9DD2E1399F10081F4AA /* iconlogo.png */,
				4F02C3E12E03053000594AC4 /* Preview Content */,
			);
			path = spotifyClone;
			sourceTree = "<group>";
		};
		4F02C3E12E03053000594AC4 /* Preview Content */ = {
			isa = PBXGroup;
			children = (
				4F02C3E22E03053000594AC4 /* Preview Assets.xcassets */,
			);
			path = "Preview Content";
			sourceTree = "<group>";
		};
		4F02C3EB2E03053100594AC4 /* spotifyCloneTests */ = {
			isa = PBXGroup;
			children = (
				4F02C3EC2E03053100594AC4 /* spotifyCloneTests.swift */,
			);
			path = spotifyCloneTests;
			sourceTree = "<group>";
		};
		4F02C3F52E03053100594AC4 /* spotifyCloneUITests */ = {
			isa = PBXGroup;
			children = (
				4F02C3F62E03053100594AC4 /* spotifyCloneUITests.swift */,
				4F02C3F82E03053100594AC4 /* spotifyCloneUITestsLaunchTests.swift */,
			);
			path = spotifyCloneUITests;
			sourceTree = "<group>";
		};
		4F42D9C22E1195590081F4AA /* Sources */ = {
			isa = PBXGroup;
			children = (
				4F42D9D12E1379DD0081F4AA /* App */,
				4F42D9C82E1195C20081F4AA /* Presentation */,
				4F42D9C72E1195B60081F4AA /* Domain */,
				4F42D9C62E1195A20081F4AA /* Data */,
				4F42D9C52E1195960081F4AA /* UIComponents */,
				4F42D9C42E1195890081F4AA /* Network */,
				4F42D9C32E11957C0081F4AA /* Core */,
			);
			path = Sources;
			sourceTree = "<group>";
		};
		4F42D9C32E11957C0081F4AA /* Core */ = {
			isa = PBXGroup;
			children = (
				4F42D9CB2E1199C20081F4AA /* Logger */,
			);
			path = Core;
			sourceTree = "<group>";
		};
		4F42D9C42E1195890081F4AA /* Network */ = {
			isa = PBXGroup;
			children = (
			);
			path = Network;
			sourceTree = "<group>";
		};
		4F42D9C52E1195960081F4AA /* UIComponents */ = {
			isa = PBXGroup;
			children = (
			);
			path = UIComponents;
			sourceTree = "<group>";
		};
		4F42D9C62E1195A20081F4AA /* Data */ = {
			isa = PBXGroup;
			children = (
				4FBC9FD12E21FF6F006D11EA /* Repositories */,
			);
			path = Data;
			sourceTree = "<group>";
		};
		4F42D9C72E1195B60081F4AA /* Domain */ = {
			isa = PBXGroup;
			children = (
				4FBC9FDA2E2207DC006D11EA /* Repositories */,
				4FBC9FD72E22031A006D11EA /* UseCases */,
				4FBC9FD22E2202AB006D11EA /* Entities */,
			);
			path = Domain;
			sourceTree = "<group>";
		};
		4F42D9C82E1195C20081F4AA /* Presentation */ = {
			isa = PBXGroup;
			children = (
				4F42D9D72E137A440081F4AA /* Home */,
			);
			path = Presentation;
			sourceTree = "<group>";
		};
		4F42D9CB2E1199C20081F4AA /* Logger */ = {
			isa = PBXGroup;
			children = (
				4F42D9C92E1197970081F4AA /* LoggerService.swift */,
				4F42D9CC2E119D750081F4AA /* ConsoleLogger.swift */,
				4F42D9CE2E119D910081F4AA /* LoggerEnvironment.swift */,
			);
			path = Logger;
			sourceTree = "<group>";
		};
		4F42D9D12E1379DD0081F4AA /* App */ = {
			isa = PBXGroup;
			children = (
				4F02C3DB2E03052600594AC4 /* spotifyCloneApp.swift */,
				4F42D9D22E1379EB0081F4AA /* Coordinator */,
				4F42D9D32E137A130081F4AA /* AppDelegate.swift */,
				4F42D9D52E137A290081F4AA /* SceneDelegate.swift */,
			);
			path = App;
			sourceTree = "<group>";
		};
		4F42D9D22E1379EB0081F4AA /* Coordinator */ = {
			isa = PBXGroup;
			children = (
			);
			path = Coordinator;
			sourceTree = "<group>";
		};
		4F42D9D72E137A440081F4AA /* Home */ = {
			isa = PBXGroup;
			children = (
				4F42D9DB2E137D620081F4AA /* HomeView.swift */,
				4F42D9DA2E137A660081F4AA /* Coordinator */,
				4F42D9D92E137A5B0081F4AA /* ViewModel */,
				4F42D9D82E137A530081F4AA /* View */,
			);
			path = Home;
			sourceTree = "<group>";
		};
		4F42D9D82E137A530081F4AA /* View */ = {
			isa = PBXGroup;
			children = (
			);
			path = View;
			sourceTree = "<group>";
		};
		4F42D9D92E137A5B0081F4AA /* ViewModel */ = {
			isa = PBXGroup;
			children = (
				4F6B5EDF2E14C3BF00DA6534 /* HomeViewModel.swift */,
			);
			path = ViewModel;
			sourceTree = "<group>";
		};
		4F42D9DA2E137A660081F4AA /* Coordinator */ = {
			isa = PBXGroup;
			children = (
				4F93C37B2E2476520007FCD5 /* AppCoordinator.swift */,
				4F93C37D2E2476740007FCD5 /* CoordinatorProtocol.swift */,
			);
			path = Coordinator;
			sourceTree = "<group>";
		};
		4FBC9FD12E21FF6F006D11EA /* Repositories */ = {
			isa = PBXGroup;
			children = (
				4FBC9FD52E2202F0006D11EA /* SongRepositoryImpl.swift */,
			);
			path = Repositories;
			sourceTree = "<group>";
		};
		4FBC9FD22E2202AB006D11EA /* Entities */ = {
			isa = PBXGroup;
			children = (
				4FBC9FD32E2202CB006D11EA /* Song.swift */,
			);
			path = Entities;
			sourceTree = "<group>";
		};
		4FBC9FD72E22031A006D11EA /* UseCases */ = {
			isa = PBXGroup;
			children = (
				4FBC9FD82E220407006D11EA /* FetchSongsUseCase.swift */,
			);
			path = UseCases;
			sourceTree = "<group>";
		};
		4FBC9FDA2E2207DC006D11EA /* Repositories */ = {
			isa = PBXGroup;
			children = (
				4FBC9FDB2E220982006D11EA /* SongRepository.swift */,
			);
			path = Repositories;
			sourceTree = "<group>";
		};
/* End PBXGroup section */

/* Begin PBXNativeTarget section */
		4F02C3D72E03052600594AC4 /* Spotify Clone */ = {
			isa = PBXNativeTarget;
			buildConfigurationList = 4F02C3FC2E03053100594AC4 /* Build configuration list for PBXNativeTarget "Spotify Clone" */;
			buildPhases = (
				4F02C3D42E03052600594AC4 /* Sources */,
				4F02C3D52E03052600594AC4 /* Frameworks */,
				4F02C3D62E03052600594AC4 /* Resources */,
			);
			buildRules = (
			);
			dependencies = (
			);
			name = "Spotify Clone";
			productName = spotifyClone;
			productReference = 4F02C3D82E03052600594AC4 /* Spotify Clone.app */;
			productType = "com.apple.product-type.application";
		};
		4F02C3E72E03053100594AC4 /* spotifyCloneTests */ = {
			isa = PBXNativeTarget;
			buildConfigurationList = 4F02C3FF2E03053100594AC4 /* Build configuration list for PBXNativeTarget "spotifyCloneTests" */;
			buildPhases = (
				4F02C3E42E03053100594AC4 /* Sources */,
				4F02C3E52E03053100594AC4 /* Frameworks */,
				4F02C3E62E03053100594AC4 /* Resources */,
			);
			buildRules = (
			);
			dependencies = (
				4F02C3EA2E03053100594AC4 /* PBXTargetDependency */,
			);
			name = spotifyCloneTests;
			productName = spotifyCloneTests;
			productReference = 4F02C3E82E03053100594AC4 /* spotifyCloneTests.xctest */;
			productType = "com.apple.product-type.bundle.unit-test";
		};
		4F02C3F12E03053100594AC4 /* spotifyCloneUITests */ = {
			isa = PBXNativeTarget;
			buildConfigurationList = 4F02C4022E03053100594AC4 /* Build configuration list for PBXNativeTarget "spotifyCloneUITests" */;
			buildPhases = (
				4F02C3EE2E03053100594AC4 /* Sources */,
				4F02C3EF2E03053100594AC4 /* Frameworks */,
				4F02C3F02E03053100594AC4 /* Resources */,
			);
			buildRules = (
			);
			dependencies = (
				4F02C3F42E03053100594AC4 /* PBXTargetDependency */,
			);
			name = spotifyCloneUITests;
			productName = spotifyCloneUITests;
			productReference = 4F02C3F22E03053100594AC4 /* spotifyCloneUITests.xctest */;
			productType = "com.apple.product-type.bundle.ui-testing";
		};
/* End PBXNativeTarget section */

/* Begin PBXProject section */
		4F02C3D02E03052600594AC4 /* Project object */ = {
			isa = PBXProject;
			attributes = {
				BuildIndependentTargetsInParallel = 1;
				LastSwiftUpdateCheck = 1520;
				LastUpgradeCheck = 1520;
				TargetAttributes = {
					4F02C3D72E03052600594AC4 = {
						CreatedOnToolsVersion = 15.2;
					};
					4F02C3E72E03053100594AC4 = {
						CreatedOnToolsVersion = 15.2;
						TestTargetID = 4F02C3D72E03052600594AC4;
					};
					4F02C3F12E03053100594AC4 = {
						CreatedOnToolsVersion = 15.2;
						TestTargetID = 4F02C3D72E03052600594AC4;
					};
				};
			};
			buildConfigurationList = 4F02C3D32E03052600594AC4 /* Build configuration list for PBXProject "spotifyClone" */;
			compatibilityVersion = "Xcode 14.0";
			developmentRegion = en;
			hasScannedForEncodings = 0;
			knownRegions = (
				en,
				Base,
			);
			mainGroup = 4F02C3CF2E03052600594AC4;
			productRefGroup = 4F02C3D92E03052600594AC4 /* Products */;
			projectDirPath = "";
			projectRoot = "";
			targets = (
				4F02C3D72E03052600594AC4 /* Spotify Clone */,
				4F02C3E72E03053100594AC4 /* spotifyCloneTests */,
				4F02C3F12E03053100594AC4 /* spotifyCloneUITests */,
			);
		};
/* End PBXProject section */

/* Begin PBXResourcesBuildPhase section */
		4F02C3D62E03052600594AC4 /* Resources */ = {
			isa = PBXResourcesBuildPhase;
			buildActionMask = 2147483647;
			files = (
				4F02C3E32E03053000594AC4 /* Preview Assets.xcassets in Resources */,
				4F02C3E02E03053000594AC4 /* Assets.xcassets in Resources */,
				4F1537782E13A3DD00902ABD /* spotify-logo-png-spotify-music-app-icon-1024.jpg in Resources */,
				4F42D9DE2E1399F20081F4AA /* iconlogo.png in Resources */,
			);
			runOnlyForDeploymentPostprocessing = 0;
		};
		4F02C3E62E03053100594AC4 /* Resources */ = {
			isa = PBXResourcesBuildPhase;
			buildActionMask = 2147483647;
			files = (
			);
			runOnlyForDeploymentPostprocessing = 0;
		};
		4F02C3F02E03053100594AC4 /* Resources */ = {
			isa = PBXResourcesBuildPhase;
			buildActionMask = 2147483647;
			files = (
			);
			runOnlyForDeploymentPostprocessing = 0;
		};
/* End PBXResourcesBuildPhase section */

/* Begin PBXSourcesBuildPhase section */
		4F02C3D42E03052600594AC4 /* Sources */ = {
			isa = PBXSourcesBuildPhase;
			buildActionMask = 2147483647;
			files = (
				4F93C37E2E2476740007FCD5 /* CoordinatorProtocol.swift in Sources */,
				4FBC9FD42E2202CB006D11EA /* Song.swift in Sources */,
				4F42D9D42E137A130081F4AA /* AppDelegate.swift in Sources */,
				4F93C37C2E2476520007FCD5 /* AppCoordinator.swift in Sources */,
				4FBC9FDC2E220982006D11EA /* SongRepository.swift in Sources */,
				4F6B5EE02E14C3BF00DA6534 /* HomeViewModel.swift in Sources */,
				4F42D9D62E137A290081F4AA /* SceneDelegate.swift in Sources */,
				4FBC9FD62E2202F0006D11EA /* SongRepositoryImpl.swift in Sources */,
				4F42D9CD2E119D750081F4AA /* ConsoleLogger.swift in Sources */,
				4FBC9FD92E220407006D11EA /* FetchSongsUseCase.swift in Sources */,
				4F02C3DC2E03052600594AC4 /* spotifyCloneApp.swift in Sources */,
				4F42D9DC2E137D620081F4AA /* HomeView.swift in Sources */,
				4F42D9CF2E119D910081F4AA /* LoggerEnvironment.swift in Sources */,
				4F42D9CA2E1197970081F4AA /* LoggerService.swift in Sources */,
			);
			runOnlyForDeploymentPostprocessing = 0;
		};
		4F02C3E42E03053100594AC4 /* Sources */ = {
			isa = PBXSourcesBuildPhase;
			buildActionMask = 2147483647;
			files = (
				4F02C3ED2E03053100594AC4 /* spotifyCloneTests.swift in Sources */,
			);
			runOnlyForDeploymentPostprocessing = 0;
		};
		4F02C3EE2E03053100594AC4 /* Sources */ = {
			isa = PBXSourcesBuildPhase;
			buildActionMask = 2147483647;
			files = (
				4F02C3F72E03053100594AC4 /* spotifyCloneUITests.swift in Sources */,
				4F02C3F92E03053100594AC4 /* spotifyCloneUITestsLaunchTests.swift in Sources */,
			);
			runOnlyForDeploymentPostprocessing = 0;
		};
/* End PBXSourcesBuildPhase section */

/* Begin PBXTargetDependency section */
		4F02C3EA2E03053100594AC4 /* PBXTargetDependency */ = {
			isa = PBXTargetDependency;
			target = 4F02C3D72E03052600594AC4 /* Spotify Clone */;
			targetProxy = 4F02C3E92E03053100594AC4 /* PBXContainerItemProxy */;
		};
		4F02C3F42E03053100594AC4 /* PBXTargetDependency */ = {
			isa = PBXTargetDependency;
			target = 4F02C3D72E03052600594AC4 /* Spotify Clone */;
			targetProxy = 4F02C3F32E03053100594AC4 /* PBXContainerItemProxy */;
		};
/* End PBXTargetDependency section */

/* Begin XCBuildConfiguration section */
		4F02C3FA2E03053100594AC4 /* Debug */ = {
			isa = XCBuildConfiguration;
			buildSettings = {
				ALWAYS_SEARCH_USER_PATHS = NO;
				ASSETCATALOG_COMPILER_GENERATE_SWIFT_ASSET_SYMBOL_EXTENSIONS = YES;
				CLANG_ANALYZER_NONNULL = YES;
				CLANG_ANALYZER_NUMBER_OBJECT_CONVERSION = YES_AGGRESSIVE;
				CLANG_CXX_LANGUAGE_STANDARD = "gnu++20";
				CLANG_ENABLE_MODULES = YES;
				CLANG_ENABLE_OBJC_ARC = YES;
				CLANG_ENABLE_OBJC_WEAK = YES;
				CLANG_WARN_BLOCK_CAPTURE_AUTORELEASING = YES;
				CLANG_WARN_BOOL_CONVERSION = YES;
				CLANG_WARN_COMMA = YES;
				CLANG_WARN_CONSTANT_CONVERSION = YES;
				CLANG_WARN_DEPRECATED_OBJC_IMPLEMENTATIONS = YES;
				CLANG_WARN_DIRECT_OBJC_ISA_USAGE = YES_ERROR;
				CLANG_WARN_DOCUMENTATION_COMMENTS = YES;
				CLANG_WARN_EMPTY_BODY = YES;
				CLANG_WARN_ENUM_CONVERSION = YES;
				CLANG_WARN_INFINITE_RECURSION = YES;
				CLANG_WARN_INT_CONVERSION = YES;
				CLANG_WARN_NON_LITERAL_NULL_CONVERSION = YES;
				CLANG_WARN_OBJC_IMPLICIT_RETAIN_SELF = YES;
				CLANG_WARN_OBJC_LITERAL_CONVERSION = YES;
				CLANG_WARN_OBJC_ROOT_CLASS = YES_ERROR;
				CLANG_WARN_QUOTED_INCLUDE_IN_FRAMEWORK_HEADER = YES;
				CLANG_WARN_RANGE_LOOP_ANALYSIS = YES;
				CLANG_WARN_STRICT_PROTOTYPES = YES;
				CLANG_WARN_SUSPICIOUS_MOVE = YES;
				CLANG_WARN_UNGUARDED_AVAILABILITY = YES_AGGRESSIVE;
				CLANG_WARN_UNREACHABLE_CODE = YES;
				CLANG_WARN__DUPLICATE_METHOD_MATCH = YES;
				COPY_PHASE_STRIP = NO;
				DEBUG_INFORMATION_FORMAT = dwarf;
				ENABLE_STRICT_OBJC_MSGSEND = YES;
				ENABLE_TESTABILITY = YES;
				ENABLE_USER_SCRIPT_SANDBOXING = YES;
				GCC_C_LANGUAGE_STANDARD = gnu17;
				GCC_DYNAMIC_NO_PIC = NO;
				GCC_NO_COMMON_BLOCKS = YES;
				GCC_OPTIMIZATION_LEVEL = 0;
				GCC_PREPROCESSOR_DEFINITIONS = (
					"DEBUG=1",
					"$(inherited)",
				);
				GCC_WARN_64_TO_32_BIT_CONVERSION = YES;
				GCC_WARN_ABOUT_RETURN_TYPE = YES_ERROR;
				GCC_WARN_UNDECLARED_SELECTOR = YES;
				GCC_WARN_UNINITIALIZED_AUTOS = YES_AGGRESSIVE;
				GCC_WARN_UNUSED_FUNCTION = YES;
				GCC_WARN_UNUSED_VARIABLE = YES;
				IPHONEOS_DEPLOYMENT_TARGET = 17.2;
				LOCALIZATION_PREFERS_STRING_CATALOGS = YES;
				MTL_ENABLE_DEBUG_INFO = INCLUDE_SOURCE;
				MTL_FAST_MATH = YES;
				ONLY_ACTIVE_ARCH = YES;
				SDKROOT = iphoneos;
				SWIFT_ACTIVE_COMPILATION_CONDITIONS = "DEBUG $(inherited)";
				SWIFT_OPTIMIZATION_LEVEL = "-Onone";
			};
			name = Debug;
		};
		4F02C3FB2E03053100594AC4 /* Release */ = {
			isa = XCBuildConfiguration;
			buildSettings = {
				ALWAYS_SEARCH_USER_PATHS = NO;
				ASSETCATALOG_COMPILER_GENERATE_SWIFT_ASSET_SYMBOL_EXTENSIONS = YES;
				CLANG_ANALYZER_NONNULL = YES;
				CLANG_ANALYZER_NUMBER_OBJECT_CONVERSION = YES_AGGRESSIVE;
				CLANG_CXX_LANGUAGE_STANDARD = "gnu++20";
				CLANG_ENABLE_MODULES = YES;
				CLANG_ENABLE_OBJC_ARC = YES;
				CLANG_ENABLE_OBJC_WEAK = YES;
				CLANG_WARN_BLOCK_CAPTURE_AUTORELEASING = YES;
				CLANG_WARN_BOOL_CONVERSION = YES;
				CLANG_WARN_COMMA = YES;
				CLANG_WARN_CONSTANT_CONVERSION = YES;
				CLANG_WARN_DEPRECATED_OBJC_IMPLEMENTATIONS = YES;
				CLANG_WARN_DIRECT_OBJC_ISA_USAGE = YES_ERROR;
				CLANG_WARN_DOCUMENTATION_COMMENTS = YES;
				CLANG_WARN_EMPTY_BODY = YES;
				CLANG_WARN_ENUM_CONVERSION = YES;
				CLANG_WARN_INFINITE_RECURSION = YES;
				CLANG_WARN_INT_CONVERSION = YES;
				CLANG_WARN_NON_LITERAL_NULL_CONVERSION = YES;
				CLANG_WARN_OBJC_IMPLICIT_RETAIN_SELF = YES;
				CLANG_WARN_OBJC_LITERAL_CONVERSION = YES;
				CLANG_WARN_OBJC_ROOT_CLASS = YES_ERROR;
				CLANG_WARN_QUOTED_INCLUDE_IN_FRAMEWORK_HEADER = YES;
				CLANG_WARN_RANGE_LOOP_ANALYSIS = YES;
				CLANG_WARN_STRICT_PROTOTYPES = YES;
				CLANG_WARN_SUSPICIOUS_MOVE = YES;
				CLANG_WARN_UNGUARDED_AVAILABILITY = YES_AGGRESSIVE;
				CLANG_WARN_UNREACHABLE_CODE = YES;
				CLANG_WARN__DUPLICATE_METHOD_MATCH = YES;
				COPY_PHASE_STRIP = NO;
				DEBUG_INFORMATION_FORMAT = "dwarf-with-dsym";
				ENABLE_NS_ASSERTIONS = NO;
				ENABLE_STRICT_OBJC_MSGSEND = YES;
				ENABLE_USER_SCRIPT_SANDBOXING = YES;
				GCC_C_LANGUAGE_STANDARD = gnu17;
				GCC_NO_COMMON_BLOCKS = YES;
				GCC_WARN_64_TO_32_BIT_CONVERSION = YES;
				GCC_WARN_ABOUT_RETURN_TYPE = YES_ERROR;
				GCC_WARN_UNDECLARED_SELECTOR = YES;
				GCC_WARN_UNINITIALIZED_AUTOS = YES_AGGRESSIVE;
				GCC_WARN_UNUSED_FUNCTION = YES;
				GCC_WARN_UNUSED_VARIABLE = YES;
				IPHONEOS_DEPLOYMENT_TARGET = 17.2;
				LOCALIZATION_PREFERS_STRING_CATALOGS = YES;
				MTL_ENABLE_DEBUG_INFO = NO;
				MTL_FAST_MATH = YES;
				SDKROOT = iphoneos;
				SWIFT_COMPILATION_MODE = wholemodule;
				VALIDATE_PRODUCT = YES;
			};
			name = Release;
		};
		4F02C3FD2E03053100594AC4 /* Debug */ = {
			isa = XCBuildConfiguration;
			buildSettings = {
				ASSETCATALOG_COMPILER_APPICON_NAME = AppIcon;
				ASSETCATALOG_COMPILER_GLOBAL_ACCENT_COLOR_NAME = AccentColor;
				ASSETCATALOG_COMPILER_INCLUDE_ALL_APPICON_ASSETS = YES;
				CODE_SIGN_STYLE = Automatic;
				CURRENT_PROJECT_VERSION = 1;
				DEVELOPMENT_ASSET_PATHS = "\"spotifyClone/Preview Content\"";
				DEVELOPMENT_TEAM = ADG528D8YM;
				ENABLE_PREVIEWS = YES;
				GENERATE_INFOPLIST_FILE = YES;
				INFOPLIST_KEY_LSApplicationCategoryType = "public.app-category.entertainment";
				INFOPLIST_KEY_UIApplicationSceneManifest_Generation = YES;
				INFOPLIST_KEY_UIApplicationSupportsIndirectInputEvents = YES;
				INFOPLIST_KEY_UILaunchScreen_Generation = YES;
				INFOPLIST_KEY_UILaunchStoryboardName = logos;
				INFOPLIST_KEY_UIStatusBarStyle = "";
				INFOPLIST_KEY_UISupportedInterfaceOrientations_iPad = "UIInterfaceOrientationPortrait UIInterfaceOrientationPortraitUpsideDown UIInterfaceOrientationLandscapeLeft UIInterfaceOrientationLandscapeRight";
				INFOPLIST_KEY_UISupportedInterfaceOrientations_iPhone = "UIInterfaceOrientationPortrait UIInterfaceOrientationLandscapeLeft UIInterfaceOrientationLandscapeRight";
				LD_RUNPATH_SEARCH_PATHS = (
					"$(inherited)",
					"@executable_path/Frameworks",
				);
				MARKETING_VERSION = 1.0;
				PRODUCT_BUNDLE_IDENTIFIER = startup.spotifyClone;
				PRODUCT_NAME = "$(TARGET_NAME)";
				SWIFT_EMIT_LOC_STRINGS = YES;
				SWIFT_VERSION = 5.0;
				TARGETED_DEVICE_FAMILY = "1,2";
			};
			name = Debug;
		};
		4F02C3FE2E03053100594AC4 /* Release */ = {
			isa = XCBuildConfiguration;
			buildSettings = {
				ASSETCATALOG_COMPILER_APPICON_NAME = AppIcon;
				ASSETCATALOG_COMPILER_GLOBAL_ACCENT_COLOR_NAME = AccentColor;
				ASSETCATALOG_COMPILER_INCLUDE_ALL_APPICON_ASSETS = YES;
				CODE_SIGN_STYLE = Automatic;
				CURRENT_PROJECT_VERSION = 1;
				DEVELOPMENT_ASSET_PATHS = "\"spotifyClone/Preview Content\"";
				DEVELOPMENT_TEAM = ADG528D8YM;
				ENABLE_PREVIEWS = YES;
				GENERATE_INFOPLIST_FILE = YES;
				INFOPLIST_KEY_LSApplicationCategoryType = "public.app-category.entertainment";
				INFOPLIST_KEY_UIApplicationSceneManifest_Generation = YES;
				INFOPLIST_KEY_UIApplicationSupportsIndirectInputEvents = YES;
				INFOPLIST_KEY_UILaunchScreen_Generation = YES;
				INFOPLIST_KEY_UILaunchStoryboardName = logos;
				INFOPLIST_KEY_UIStatusBarStyle = "";
				INFOPLIST_KEY_UISupportedInterfaceOrientations_iPad = "UIInterfaceOrientationPortrait UIInterfaceOrientationPortraitUpsideDown UIInterfaceOrientationLandscapeLeft UIInterfaceOrientationLandscapeRight";
				INFOPLIST_KEY_UISupportedInterfaceOrientations_iPhone = "UIInterfaceOrientationPortrait UIInterfaceOrientationLandscapeLeft UIInterfaceOrientationLandscapeRight";
				LD_RUNPATH_SEARCH_PATHS = (
					"$(inherited)",
					"@executable_path/Frameworks",
				);
				MARKETING_VERSION = 1.0;
				PRODUCT_BUNDLE_IDENTIFIER = startup.spotifyClone;
				PRODUCT_NAME = "$(TARGET_NAME)";
				SWIFT_EMIT_LOC_STRINGS = YES;
				SWIFT_VERSION = 5.0;
				TARGETED_DEVICE_FAMILY = "1,2";
			};
			name = Release;
		};
		4F02C4002E03053100594AC4 /* Debug */ = {
			isa = XCBuildConfiguration;
			buildSettings = {
				ALWAYS_EMBED_SWIFT_STANDARD_LIBRARIES = YES;
				BUNDLE_LOADER = "$(TEST_HOST)";
				CODE_SIGN_STYLE = Automatic;
				CURRENT_PROJECT_VERSION = 1;
				DEVELOPMENT_TEAM = ADG528D8YM;
				GENERATE_INFOPLIST_FILE = YES;
				IPHONEOS_DEPLOYMENT_TARGET = 17.2;
				MARKETING_VERSION = 1.0;
				PRODUCT_BUNDLE_IDENTIFIER = startup.spotifyCloneTests;
				PRODUCT_NAME = "$(TARGET_NAME)";
				SWIFT_EMIT_LOC_STRINGS = NO;
				SWIFT_VERSION = 5.0;
				TARGETED_DEVICE_FAMILY = "1,2";
				TEST_HOST = "$(BUILT_PRODUCTS_DIR)/spotifyClone.app/$(BUNDLE_EXECUTABLE_FOLDER_PATH)/spotifyClone";
			};
			name = Debug;
		};
		4F02C4012E03053100594AC4 /* Release */ = {
			isa = XCBuildConfiguration;
			buildSettings = {
				ALWAYS_EMBED_SWIFT_STANDARD_LIBRARIES = YES;
				BUNDLE_LOADER = "$(TEST_HOST)";
				CODE_SIGN_STYLE = Automatic;
				CURRENT_PROJECT_VERSION = 1;
				DEVELOPMENT_TEAM = ADG528D8YM;
				GENERATE_INFOPLIST_FILE = YES;
				IPHONEOS_DEPLOYMENT_TARGET = 17.2;
				MARKETING_VERSION = 1.0;
				PRODUCT_BUNDLE_IDENTIFIER = startup.spotifyCloneTests;
				PRODUCT_NAME = "$(TARGET_NAME)";
				SWIFT_EMIT_LOC_STRINGS = NO;
				SWIFT_VERSION = 5.0;
				TARGETED_DEVICE_FAMILY = "1,2";
				TEST_HOST = "$(BUILT_PRODUCTS_DIR)/spotifyClone.app/$(BUNDLE_EXECUTABLE_FOLDER_PATH)/spotifyClone";
			};
			name = Release;
		};
		4F02C4032E03053100594AC4 /* Debug */ = {
			isa = XCBuildConfiguration;
			buildSettings = {
				ALWAYS_EMBED_SWIFT_STANDARD_LIBRARIES = YES;
				CODE_SIGN_STYLE = Automatic;
				CURRENT_PROJECT_VERSION = 1;
				DEVELOPMENT_TEAM = ADG528D8YM;
				GENERATE_INFOPLIST_FILE = YES;
				MARKETING_VERSION = 1.0;
				PRODUCT_BUNDLE_IDENTIFIER = startup.spotifyCloneUITests;
				PRODUCT_NAME = "$(TARGET_NAME)";
				SWIFT_EMIT_LOC_STRINGS = NO;
				SWIFT_VERSION = 5.0;
				TARGETED_DEVICE_FAMILY = "1,2";
				TEST_TARGET_NAME = spotifyClone;
			};
			name = Debug;
		};
		4F02C4042E03053100594AC4 /* Release */ = {
			isa = XCBuildConfiguration;
			buildSettings = {
				ALWAYS_EMBED_SWIFT_STANDARD_LIBRARIES = YES;
				CODE_SIGN_STYLE = Automatic;
				CURRENT_PROJECT_VERSION = 1;
				DEVELOPMENT_TEAM = ADG528D8YM;
				GENERATE_INFOPLIST_FILE = YES;
				MARKETING_VERSION = 1.0;
				PRODUCT_BUNDLE_IDENTIFIER = startup.spotifyCloneUITests;
				PRODUCT_NAME = "$(TARGET_NAME)";
				SWIFT_EMIT_LOC_STRINGS = NO;
				SWIFT_VERSION = 5.0;
				TARGETED_DEVICE_FAMILY = "1,2";
				TEST_TARGET_NAME = spotifyClone;
			};
			name = Release;
		};
/* End XCBuildConfiguration section */

/* Begin XCConfigurationList section */
		4F02C3D32E03052600594AC4 /* Build configuration list for PBXProject "spotifyClone" */ = {
			isa = XCConfigurationList;
			buildConfigurations = (
				4F02C3FA2E03053100594AC4 /* Debug */,
				4F02C3FB2E03053100594AC4 /* Release */,
			);
			defaultConfigurationIsVisible = 0;
			defaultConfigurationName = Release;
		};
		4F02C3FC2E03053100594AC4 /* Build configuration list for PBXNativeTarget "Spotify Clone" */ = {
			isa = XCConfigurationList;
			buildConfigurations = (
				4F02C3FD2E03053100594AC4 /* Debug */,
				4F02C3FE2E03053100594AC4 /* Release */,
			);
			defaultConfigurationIsVisible = 0;
			defaultConfigurationName = Release;
		};
		4F02C3FF2E03053100594AC4 /* Build configuration list for PBXNativeTarget "spotifyCloneTests" */ = {
			isa = XCConfigurationList;
			buildConfigurations = (
				4F02C4002E03053100594AC4 /* Debug */,
				4F02C4012E03053100594AC4 /* Release */,
			);
			defaultConfigurationIsVisible = 0;
			defaultConfigurationName = Release;
		};
		4F02C4022E03053100594AC4 /* Build configuration list for PBXNativeTarget "spotifyCloneUITests" */ = {
			isa = XCConfigurationList;
			buildConfigurations = (
				4F02C4032E03053100594AC4 /* Debug */,
				4F02C4042E03053100594AC4 /* Release */,
			);
			defaultConfigurationIsVisible = 0;
			defaultConfigurationName = Release;
		};
/* End XCConfigurationList section */
	};
	rootObject = 4F02C3D02E03052600594AC4 /* Project object */;
}
